packages:
  _fe_analyzer_shared:
    dependency: transitive
    description:
      name: _fe_analyzer_shared
      url: https://pub.dartlang.org
    source: hosted
    version: 54.0.0
    sha256: 15w39gc6nbndacir2drms6bs8za6a4qcfw949bawbql58aj9wn82
  analyzer:
    dependency: transitive
    description:
      name: analyzer
      url: https://pub.dartlang.org
    source: hosted
    version: 5.6.0
    sha256: 1lg9cz1kzwwa24zcq6may48alg8cvmhgsflmmbbksblrg6inzagk
  args:
    dependency: direct main
    description:
      name: args
      url: https://pub.dartlang.org
    source: hosted
    version: 2.4.0
    sha256: 08gp8pkrq3dynz0xhrl2rhi5q04hrcd30r5gwi78baizywqkwqpb
  async:
    dependency: transitive
    description:
      name: async
      url: https://pub.dartlang.org
    source: hosted
    version: 2.11.0
    sha256: 0hfgvjajp5c2mw68186hgrk9v5zjhhi149hlhl0fap274p2v1g3q
  boolean_selector:
    dependency: transitive
    description:
      name: boolean_selector
      url: https://pub.dartlang.org
    source: hosted
    version: 2.1.1
    sha256: 0hxq8072hb89q9s91xlz9fvrjxfy7hw6jkdwkph5dp77df841kmj
  build:
    dependency: transitive
    description:
      name: build
      url: https://pub.dartlang.org
    source: hosted
    version: 2.3.1
    sha256: 1x6nkii6kqy6y7ck0151yfhc9lp2nvbhznnhdi2mxr8afk6jxigd
  collection:
    dependency: transitive
    description:
      name: collection
      url: https://pub.dartlang.org
    source: hosted
    version: 1.17.1
    sha256: 1gy9f62sy7mlm6cwd35x44gdh8dvy0kgahmidl3fcyk2k4m613kd
  convert:
    dependency: transitive
    description:
      name: convert
      url: https://pub.dartlang.org
    source: hosted
    version: 3.1.1
    sha256: 0adsigjk3l1c31i6k91p28dqyjlgwiqrs4lky5djrm2scf8k6cri
  coverage:
    dependency: transitive
    description:
      name: coverage
      url: https://pub.dartlang.org
    source: hosted
    version: 1.6.3
    sha256: 1yy9bgkax5b6kk7qa07p452v82fyj4rl1j03fn366ywyvhfrh6lp
  crypto:
    dependency: transitive
    description:
      name: crypto
      url: https://pub.dartlang.org
    source: hosted
    version: 3.0.2
    sha256: 1kjfb8fvdxazmv9ps2iqdhb8kcr31115h0nwn6v4xmr71k8jb8ds
  csslib:
    dependency: transitive
    description:
      name: csslib
      url: https://pub.dartlang.org
    source: hosted
    version: 0.17.2
    sha256: 0n4mqfbikcx5gspj6ayx3djr0iy68p8wy0pr80bfk3wdnb95214m
  dart_style:
    dependency: transitive
    description:
      name: dart_style
      url: https://pub.dartlang.org
    source: hosted
    version: 2.2.5
    sha256: 1afndh2j5afx638rizz6vzrg6b24mkg7f396xfwyc9c0qn5m81nf
  date_format:
    dependency: transitive
    description:
      name: date_format
      url: https://pub.dartlang.org
    source: hosted
    version: 2.0.7
    sha256: 0gx3ygc4cwrd43gwrzi5kpwk2yxl99mq2qfm3az8ingfk1dizg0w
  dotenv:
    dependency: direct main
    description:
      name: dotenv
      url: https://pub.dartlang.org
    source: hosted
    version: 4.1.0
    sha256: 1bkni05jni02gr1glls5rycb5kq1rb6x47gvmscfk9y6mj64v6v1
  file:
    dependency: transitive
    description:
      name: file
      url: https://pub.dartlang.org
    source: hosted
    version: 6.1.4
    sha256: 0ajcfblf8d4dicp1sgzkbrhd0b0v0d8wl70jsnf5drjck3p3ppk7
  frontend_server_client:
    dependency: transitive
    description:
      name: frontend_server_client
      url: https://pub.dartlang.org
    source: hosted
    version: 3.2.0
    sha256: 096v7ycix5hgnk750s1qgykyghl2mymhdkg39jrlk3kbj6xygq5b
  glob:
    dependency: transitive
    description:
      name: glob
      url: https://pub.dartlang.org
    source: hosted
    version: 2.1.1
    sha256: 1a6vicag8xg6lwr1jdiyjx00lg6n4bgadlzpbl4izpcgp2gcs0sb
  glog:
    dependency: direct main
    description:
      name: glog
      url: https://pub.dartlang.org
    source: hosted
    version: 1.3.0
    sha256: 0ngqq35nkywssl2q49r2kk7ffnb362ssssr0gjfg9i35rlhfjg0c
  html:
    dependency: transitive
    description:
      name: html
      url: https://pub.dartlang.org
    source: hosted
    version: 0.15.2
    sha256: 0mihlfbvlixcvh9a8sxd1jgb1sbm1j2h6bs0hqca45pbx73030ha
  html_template:
    dependency: transitive
    description:
      name: html_template
      url: https://pub.dartlang.org
    source: hosted
    version: 0.2.2
    sha256: 0dzdyhhji5gbihrw1jhq99ckblhsf16dfhpbglf2n2js5hv3k5pg
  http_methods:
    dependency: transitive
    description:
      name: http_methods
      url: https://pub.dartlang.org
    source: hosted
    version: 1.1.0
    sha256: 0khys5078h781jbcwrsm5qbgid4r47341y5fzxxxyx072l8qljgy
  http_multi_server:
    dependency: transitive
    description:
      name: http_multi_server
      url: https://pub.dartlang.org
    source: hosted
    version: 3.2.1
    sha256: 1zdcm04z85jahb2hs7qs85rh974kw49hffhy9cn1gfda3077dvql
  http_parser:
    dependency: transitive
    description:
      name: http_parser
      url: https://pub.dartlang.org
    source: hosted
    version: 4.0.2
    sha256: 027c4sjkhkkx3sk1aqs6s4djb87syi9h521qpm1bf21bq3gga5jd
  io:
    dependency: transitive
    description:
      name: io
      url: https://pub.dartlang.org
    source: hosted
    version: 1.0.4
    sha256: 101kd0rw26vglmr1m5p130kbrp3k7dk4p5nr77wsbwgg53w8c0d4
  js:
    dependency: transitive
    description:
      name: js
      url: https://pub.dartlang.org
    source: hosted
    version: 0.6.5
    sha256: 13fbxgyg1v6bmzvxamg6494vk3923fn3mgxj6f4y476aqwk99n50
  json_annotation:
    dependency: transitive
    description:
      name: json_annotation
      url: https://pub.dartlang.org
    source: hosted
    version: 4.8.0
    sha256: 1f3r87g8wzjrwm40xhkybvqa275fdb3b9qf1igif5v3w0nh1785c
  lints:
    dependency: direct dev
    description:
      name: lints
      url: https://pub.dartlang.org
    source: hosted
    version: 2.0.1
    sha256: 0y0iryaffx3ik4mxpcr9ys90nnkrq0r3bmi1lf8ww1xafy6nirb6
  logging:
    dependency: transitive
    description:
      name: logging
      url: https://pub.dartlang.org
    source: hosted
    version: 1.1.1
    sha256: 08657ycb62aqdj6d4a5psd18igw7jmdhncfzzl1cvlzvqr50nnh4
  matcher:
    dependency: transitive
    description:
      name: matcher
      url: https://pub.dartlang.org
    source: hosted
    version: 0.12.14
    sha256: 1gvnjng2lfmx84jdr8ihaydgcwfskz2749z5qa56g9rdgjg64y9j
  meta:
    dependency: transitive
    description:
      name: meta
      url: https://pub.dartlang.org
    source: hosted
    version: 1.9.0
    sha256: 13rxz7ji6x7nk5s8i566cmcan6ixg89v1zlskadnwd49w5mdi3qj
  mime:
    dependency: transitive
    description:
      name: mime
      url: https://pub.dartlang.org
    source: hosted
    version: 1.0.4
    sha256: 1dha9z64bsz8xhi0p62vmlyikr8xwbdlrw90hxghmm3rdgd9h25w
  node_preamble:
    dependency: transitive
    description:
      name: node_preamble
      url: https://pub.dartlang.org
    source: hosted
    version: 2.0.2
    sha256: 12ajg76r9aqmqkavvlxbnb3sszg1szcq3f30badkd0xc25mnhyh8
  package_config:
    dependency: transitive
    description:
      name: package_config
      url: https://pub.dartlang.org
    source: hosted
    version: 2.1.0
    sha256: 1d4l0i4cby344zj45f5shrg2pkw1i1jn03kx0qqh0l7gh1ha7bpc
  path:
    dependency: transitive
    description:
      name: path
      url: https://pub.dartlang.org
    source: hosted
    version: 1.8.3
    sha256: 1mjdhq2fsz6i9krhp2mnaks2bcw34sa4p7mg0v6njk8dgx2754iv
  pool:
    dependency: transitive
    description:
      name: pool
      url: https://pub.dartlang.org
    source: hosted
    version: 1.5.1
    sha256: 0wmzs46hjszv3ayhr1p5l7xza7q9rkg2q9z4swmhdqmhlz3c50x4
  prometheus_client:
    dependency: direct main
    description:
      name: prometheus_client
      url: https://pub.dartlang.org
    source: hosted
    version: 1.0.0+1
    sha256: 0i6j32mbzgsbdp57sgalbz7zqvh32bl3a0n1a7l8mwv4ad9478ha
  pub_semver:
    dependency: transitive
    description:
      name: pub_semver
      url: https://pub.dartlang.org
    source: hosted
    version: 2.1.3
    sha256: 10hdhsb2ikzzsfqclp4ydjsj73jpq695apx2rgyjri2l9i9inn86
  res_client:
    dependency: direct main
    description:
      name: res_client
      url: https://pub.dartlang.org
    source: hosted
    version: 0.8.5
    sha256: 0zaw1l8vjss2zfmcn7cvbcifma8h49caavd2y6cmsbx7131jkcig
  shelf:
    dependency: direct main
    description:
      name: shelf
      url: https://pub.dartlang.org
    source: hosted
    version: 1.4.0
    sha256: 0x2xl7glrnq0hdxpy2i94a4wxbdrd6dm46hvhzgjn8alsm8z0wz1
  shelf_packages_handler:
    dependency: transitive
    description:
      name: shelf_packages_handler
      url: https://pub.dartlang.org
    source: hosted
    version: 3.0.1
    sha256: 199rbdbifj46lg3iynznnsbs8zr4dfcw0s7wan8v73nvpqvli82q
  shelf_router:
    dependency: direct main
    description:
      name: shelf_router
      url: https://pub.dartlang.org
    source: hosted
    version: 1.1.3
    sha256: 1xgjlcdpz83hs2pfj6dmm4dcvwmw9sdkbkdyh01r30qi56ga3cjl
  shelf_static:
    dependency: transitive
    description:
      name: shelf_static
      url: https://pub.dartlang.org
    source: hosted
    version: 1.1.1
    sha256: 1kqbaslz7bna9lldda3ibrjg0gczbzlwgm9cic8shg0bnl0v3s34
  shelf_web_socket:
    dependency: transitive
    description:
      name: shelf_web_socket
      url: https://pub.dartlang.org
    source: hosted
    version: 1.0.3
    sha256: 0rr87nx2wdf9alippxiidqlgi82fbprnsarr1jswg9qin0yy4jpn
  source_gen:
    dependency: transitive
    description:
      name: source_gen
      url: https://pub.dartlang.org
    source: hosted
    version: 1.2.7
    sha256: 03lxwpw6rjaxc5x4bk2bv979r6gjy8d4bkijrzqdba5pszvyva6k
  source_map_stack_trace:
    dependency: transitive
    description:
      name: source_map_stack_trace
      url: https://pub.dartlang.org
    source: hosted
    version: 2.1.1
    sha256: 0b5d4c5n5qd3j8n10gp1khhr508wfl3819bhk6xnl34qxz8n032k
  source_maps:
    dependency: transitive
    description:
      name: source_maps
      url: https://pub.dartlang.org
    source: hosted
    version: 0.10.12
    sha256: 004lcfka01agxjdw7zjhrffdkisvgx5s61b5gsl8qqk2jd1rswa7
  source_span:
    dependency: transitive
    description:
      name: source_span
      url: https://pub.dartlang.org
    source: hosted
    version: 1.9.1
    sha256: 1lq4sy7lw15qsv9cijf6l48p16qr19r7njzwr4pxn8vv1kh6rb86
  stack_trace:
    dependency: transitive
    description:
      name: stack_trace
      url: https://pub.dartlang.org
    source: hosted
    version: 1.11.0
    sha256: 0bggqvvpkrfvqz24bnir4959k0c45azc3zivk4lyv3mvba6092na
  stream_channel:
    dependency: transitive
    description:
      name: stream_channel
      url: https://pub.dartlang.org
    source: hosted
    version: 2.1.1
    sha256: 054by84c60yxphr3qgg6f82gg6d22a54aqjp265anlm8dwz1ji32
  string_scanner:
    dependency: transitive
    description:
      name: string_scanner
      url: https://pub.dartlang.org
    source: hosted
    version: 1.2.0
    sha256: 0p1r0v2923avwfg03rk0pmc6f21m0zxpcx6i57xygd25k6hdfi00
  term_glyph:
    dependency: transitive
    description:
      name: term_glyph
      url: https://pub.dartlang.org
    source: hosted
    version: 1.2.1
    sha256: 1x8nspxaccls0sxjamp703yp55yxdvhj6wg21lzwd296i9rwlxh9
  test:
    dependency: direct dev
    description:
      name: test
      url: https://pub.dartlang.org
    source: hosted
    version: 1.23.1
    sha256: 0kx60syinwk5y7v86wimxyq8mdyy8z575ck1m8narl6afq4pn85c
  test_api:
    dependency: transitive
    description:
      name: test_api
      url: https://pub.dartlang.org
    source: hosted
    version: 0.4.18
    sha256: 092fm5k3s15riw3wnrzafwbpx2zxbqd0ch0b6n56a7hbfyff2g5y
  test_core:
    dependency: transitive
    description:
      name: test_core
      url: https://pub.dartlang.org
    source: hosted
    version: 0.4.24
    sha256: 0n74r30aqw55pgvndv6b0b0bwgg7kdcp1m0bs813v7p617hvjcgs
  tuple:
    dependency: transitive
    description:
      name: tuple
      url: https://pub.dartlang.org
    source: hosted
    version: 2.0.1
    sha256: 0ah4nd7s33q7yfsmg8ha8im822l983w46zaaryggzavwc4mgzcdn
  typed_data:
    dependency: transitive
    description:
      name: typed_data
      url: https://pub.dartlang.org
    source: hosted
    version: 1.3.1
    sha256: 1x402bvyzdmdvmyqhyfamjxf54p9j8sa8ns2n5dwsdhnfqbw859g
  vm_service:
    dependency: transitive
    description:
      name: vm_service
      url: https://pub.dartlang.org
    source: hosted
    version: 11.2.0
    sha256: 0ga75kn1jik0g4c0299wqvmsn7kvlj95c0i3kzfh6sjp1im1j8nv
  watcher:
    dependency: transitive
    description:
      name: watcher
      url: https://pub.dartlang.org
    source: hosted
    version: 1.0.2
    sha256: 1sk7gvwa7s0h4l652qrgbh7l8wyqc6nr6lki8m4rj55720p0fnyg
  web_socket_channel:
    dependency: transitive
    description:
      name: web_socket_channel
      url: https://pub.dartlang.org
    source: hosted
    version: 2.3.0
    sha256: 0abdg4cwpxsk77bz3v3xqsndqigx5j86ya2qgsai3h2q4lkcsf97
  webkit_inspection_protocol:
    dependency: transitive
    description:
      name: webkit_inspection_protocol
      url: https://pub.dartlang.org
    source: hosted
    version: 1.2.0
    sha256: 0z400dzw7gf68a3wm95xi2mf461iigkyq6x69xgi7qs3fvpmn3hx
  yaml:
    dependency: direct main
    description:
      name: yaml
      url: https://pub.dartlang.org
    source: hosted
    version: 3.1.1
    sha256: 0mqqmzn3c9rr38b5xm312fz1vyp6vb36lm477r9hak77bxzpp0iw
  yaml_writer:
    dependency: transitive
    description:
      name: yaml_writer
      url: https://pub.dartlang.org
    source: hosted
    version: 1.0.3
    sha256: 0jkz8kyis9rks17igzcg1jz9bma4hy3fhv8d5w2km5qwva0xvm2n
sdks:
  dart: '>=2.18.0 <3.0.0'
